
Microsoft Visual Studio Solution File, Format Version 12.00
# Visual Studio Version 17
VisualStudioVersion = 17.11.35312.102
MinimumVisualStudioVersion = 10.0.40219.1
Project("{FAE04EC0-301F-11D3-BF4B-00C04F79EFBC}") = "to-do list 2", "to-do list 2\to-do list 2.csproj", "{A2173132-5D47-4255-87E1-1FEB30D550A4}"
EndProject
Global
	GlobalSection(SolutionConfigurationPlatforms) = preSolution
		Debug|Any CPU = Debug|Any CPU
		Release|Any CPU = Release|Any CPU
	EndGlobalSection
	GlobalSection(ProjectConfigurationPlatforms) = postSolution
		{A2173132-5D47-4255-87E1-1FEB30D550A4}.Debug|Any CPU.ActiveCfg = Debug|Any CPU
		{A2173132-5D47-4255-87E1-1FEB30D550A4}.Debug|Any CPU.Build.0 = Debug|Any CPU
		{A2173132-5D47-4255-87E1-1FEB30D550A4}.Release|Any CPU.ActiveCfg = Release|Any CPU
		{A2173132-5D47-4255-87E1-1FEB30D550A4}.Release|Any CPU.Build.0 = Release|Any CPU
	EndGlobalSection
	GlobalSection(SolutionProperties) = preSolution
		HideSolutionNode = FALSE
	EndGlobalSection
	GlobalSection(ExtensibilityGlobals) = postSolution
		SolutionGuid = {C36CF0C6-03AD-4B91-B597-0E0B9D218C92}
	EndGlobalSection
EndGlobal
